PATH
  remote: .
  specs:
    rail0 (1.0.0)

GEM
  remote: https://rubygems.org/
  specs:
    addressable (2.9.0)
      public_suffix (>= 2.0.2, < 8.0)
    base64 (0.3.0)
    bigdecimal (3.3.1)
    bls12-381 (0.3.1)
      bigdecimal
      h2c (>= 0.2.1, < 0.3)
    crack (1.0.1)
      bigdecimal
      rexml
    diff-lcs (1.6.2)
    ecdsa (1.2.0)
    eth (0.5.17)
      base64 (~> 0.1)
      bigdecimal (~> 3.1)
      bls12-381 (~> 0.3)
      forwardable (~> 1.3)
      httpx (~> 1.6)
      keccak (~> 1.3)
      konstructor (~> 1.0)
      openssl (~> 3.3)
      rbsecp256k1 (~> 6.0)
      scrypt (~> 3.0)
    ffi (1.17.4)
    ffi (1.17.4-x86_64-darwin)
    ffi-compiler (1.4.2)
      ffi (>= 1.15.5)
      rake
    forwardable (1.4.0)
    h2c (0.2.1)
      ecdsa (~> 1.2.0)
    hashdiff (1.2.1)
    http-2 (1.1.3)
    httpx (1.7.8)
      http-2 (>= 1.1.3)
    keccak (1.3.3)
    konstructor (1.0.2)
    mini_portile2 (2.8.9)
    openssl (3.3.3)
    pkg-config (1.6.5)
    public_suffix (7.0.5)
    rake (13.4.2)
    rbsecp256k1 (6.0.0)
      mini_portile2 (~> 2.8)
      pkg-config (~> 1.5)
      rubyzip (~> 2.3)
    rexml (3.4.4)
    rspec (3.13.2)
      rspec-core (~> 3.13.0)
      rspec-expectations (~> 3.13.0)
      rspec-mocks (~> 3.13.0)
    rspec-core (3.13.6)
      rspec-support (~> 3.13.0)
    rspec-expectations (3.13.5)
      diff-lcs (>= 1.2.0, < 2.0)
      rspec-support (~> 3.13.0)
    rspec-mocks (3.13.8)
      diff-lcs (>= 1.2.0, < 2.0)
      rspec-support (~> 3.13.0)
    rspec-support (3.13.7)
    rubyzip (2.4.1)
    scrypt (3.1.0)
      ffi-compiler (>= 1.0, < 2.0)
      rake (~> 13)
    siwe-rb (0.2.0)
      eth (>= 0.5.11, < 1.0)
    webmock (3.26.2)
      addressable (>= 2.8.0)
      crack (>= 0.3.2)
      hashdiff (>= 0.4.0, < 2.0.0)

PLATFORMS
  ruby
  x86_64-darwin-23

DEPENDENCIES
  eth (~> 0.5)
  rail0!
  rspec (~> 3.13)
  siwe-rb (~> 0.2)
  webmock (~> 3.23)

CHECKSUMS
  addressable (2.9.0) sha256=7fdf6ac3660f7f4e867a0838be3f6cf722ace541dd97767fa42bc6cfa980c7af
  base64 (0.3.0) sha256=27337aeabad6ffae05c265c450490628ef3ebd4b67be58257393227588f5a97b
  bigdecimal (3.3.1) sha256=eaa01e228be54c4f9f53bf3cc34fe3d5e845c31963e7fcc5bedb05a4e7d52218
  bls12-381 (0.3.1) sha256=d1525cd319c53f14178d54f355dfe1b4c572fbf5625965c1afccdc425b9896dc
  bundler (4.0.11) sha256=5bcec0fb78302e48d02ee46f10ee6e6942be647ba5b44a6d1ddfda9a240ce785
  crack (1.0.1) sha256=ff4a10390cd31d66440b7524eb1841874db86201d5b70032028553130b6d4c7e
  diff-lcs (1.6.2) sha256=9ae0d2cba7d4df3075fe8cd8602a8604993efc0dfa934cff568969efb1909962
  ecdsa (1.2.0) sha256=b8f7c9541b6c587cbe37e705a1b76be6dc1e85336aa23ac3cf2f07b038bcec55
  eth (0.5.17) sha256=5be9caa85b0643613010ae33c92e746a02ce376a35245e6eb5f491e80531f137
  ffi (1.17.4) sha256=bcd1642e06f0d16fc9e09ac6d49c3a7298b9789bcb58127302f934e437d60acf
  ffi (1.17.4-x86_64-darwin) sha256=aa70390523cf3235096cf64962b709b4cfbd5c082a2cb2ae714eb0fe2ccda496
  ffi-compiler (1.4.2) sha256=a9d69d5d9ced6f64776ddafa535867ad90e5740ad37bed7afb4de6e450da126e
  forwardable (1.4.0) sha256=f1cd40cc9812937980e1c76f1aa053660990a7c9b6a98fc37d945468afcce838
  h2c (0.2.1) sha256=a53b7dfeb95660c97b615235ea1b29ec8e1856edc571845685682d94b6e8e227
  hashdiff (1.2.1) sha256=9c079dbc513dfc8833ab59c0c2d8f230fa28499cc5efb4b8dd276cf931457cd1
  http-2 (1.1.3) sha256=1b2f379d35a11dbae94f8a1a52c053d8c161eb4a0c98b5d1605ff1b2bf171c9c
  httpx (1.7.8) sha256=6d769465ed608287a272ba0e4700fc22cee6f0335d80bd5c2effaf7fb7bd2a3a
  keccak (1.3.3) sha256=970dcb1e78b8c3129ba2baff8a5baa5cebf391136db1f4018e8ccc9130794557
  konstructor (1.0.2) sha256=fd6ac9eb1dadc1e520e06042aa2ef0122d6a070e06cde86db5a54c0c7bfe2e31
  mini_portile2 (2.8.9) sha256=0cd7c7f824e010c072e33f68bc02d85a00aeb6fce05bb4819c03dfd3c140c289
  openssl (3.3.3) sha256=d46902138f2987c13122fab826030a11c2bb9b8a16394215cbfc5062c5e2d335
  pkg-config (1.6.5) sha256=33f9f81c5322983d22b439b8b672f27777b406fea23bfec74ff14bbeb42ec733
  public_suffix (7.0.5) sha256=1a8bb08f1bbea19228d3bed6e5ed908d1cb4f7c2726d18bd9cadf60bc676f623
  rail0 (1.0.0)
  rake (13.4.2) sha256=cb825b2bd5f1f8e91ca37bddb4b9aaf345551b4731da62949be002fa89283701
  rbsecp256k1 (6.0.0) sha256=d38f563bfc6bcf3ce20c336a4798cc6990427f291e74c6817360363a72f11669
  rexml (3.4.4) sha256=19e0a2c3425dfbf2d4fc1189747bdb2f849b6c5e74180401b15734bc97b5d142
  rspec (3.13.2) sha256=206284a08ad798e61f86d7ca3e376718d52c0bc944626b2349266f239f820587
  rspec-core (3.13.6) sha256=a8823c6411667b60a8bca135364351dda34cd55e44ff94c4be4633b37d828b2d
  rspec-expectations (3.13.5) sha256=33a4d3a1d95060aea4c94e9f237030a8f9eae5615e9bd85718fe3a09e4b58836
  rspec-mocks (3.13.8) sha256=086ad3d3d17533f4237643de0b5c42f04b66348c28bf6b9c2d3f4a3b01af1d47
  rspec-support (3.13.7) sha256=0640e5570872aafefd79867901deeeeb40b0c9875a36b983d85f54fb7381c47c
  rubyzip (2.4.1) sha256=8577c88edc1fde8935eb91064c5cb1aef9ad5494b940cf19c775ee833e075615
  scrypt (3.1.0) sha256=67fde35bc7e3b7fe906c5be9c242acf95fe4a886c89572f405f6b11df30aa6af
  siwe-rb (0.2.0) sha256=f470ad513f7c85641c76dcd1e6a45867c8c93d8383ddd3feda7549606966c3d3
  webmock (3.26.2) sha256=774556f2ea6371846cca68c01769b2eac0d134492d21f6d0ab5dd643965a4c90

BUNDLED WITH
  4.0.11
